<?xml version="1.0" encoding="utf-8"?>
<Project ToolsVersion="4.0" xmlns="http://schemas.microsoft.com/developer/msbuild/2003">
  <ItemGroup>
    <ClCompile Include="Render\Camera.cpp">
      <Filter>Render</Filter>
    </ClCompile>
    <ClCompile Include="Render\Render.cpp">
      <Filter>Render</Filter>
    </ClCompile>
    <ClCompile Include="main.cpp" />
    <ClCompile Include="Scene.cpp">
      <Filter>Scenes</Filter>
    </ClCompile>
    <ClCompile Include="FireworkGenerator.cpp">
      <Filter>ParSys</Filter>
    </ClCompile>
    <ClCompile Include="FountainGenerator.cpp">
      <Filter>ParSys</Filter>
    </ClCompile>
    <ClCompile Include="ParticleGenerator.cpp">
      <Filter>ParSys</Filter>
    </ClCompile>
    <ClCompile Include="ParticleSystem.cpp">
      <Filter>ParSys</Filter>
    </ClCompile>
    <ClCompile Include="Particle.cpp">
      <Filter>Base</Filter>
    </ClCompile>
    <ClCompile Include="SmokeGenerator.cpp">
      <Filter>ParSys</Filter>
    </ClCompile>
    <ClCompile Include="ForceSystem.cpp">
      <Filter>ForSys</Filter>
    </ClCompile>
    <ClCompile Include="callbacks.cpp">
      <Filter>Otros</Filter>
    </ClCompile>
    <ClCompile Include="RenderUtils.cpp">
      <Filter>Otros</Filter>
    </ClCompile>
    <ClCompile Include="SceneManager.cpp">
      <Filter>Scenes</Filter>
    </ClCompile>
    <ClCompile Include="ForceGenerator.cpp">
      <Filter>ForSys</Filter>
    </ClCompile>
    <ClCompile Include="WindForceGenerator.cpp">
      <Filter>ForSys</Filter>
    </ClCompile>
    <ClCompile Include="TornadoForceGenerator.cpp">
      <Filter>ForSys</Filter>
    </ClCompile>
    <ClCompile Include="RandomGenerator.cpp">
      <Filter>ParSys</Filter>
    </ClCompile>
    <ClCompile Include="ExplosionForceGenerator.cpp">
      <Filter>ForSys</Filter>
    </ClCompile>
    <ClCompile Include="WindScene.cpp">
      <Filter>Scenes</Filter>
    </ClCompile>
    <ClCompile Include="TornadoScene.cpp">
      <Filter>Scenes</Filter>
    </ClCompile>
    <ClCompile Include="ExplosionScene.cpp">
      <Filter>Scenes</Filter>
    </ClCompile>
    <ClCompile Include="ParSysScene.cpp">
      <Filter>Scenes</Filter>
    </ClCompile>
    <ClCompile Include="DosckScene.cpp">
      <Filter>Scenes</Filter>
    </ClCompile>
    <ClCompile Include="SpringForceGenerator.cpp">
      <Filter>ForSys</Filter>
    </ClCompile>
    <ClCompile Include="AnchorForceGenerator.cpp">
      <Filter>ForSys</Filter>
    </ClCompile>
    <ClCompile Include="BandForceGenerator.cpp">
      <Filter>ForSys</Filter>
    </ClCompile>
    <ClCompile Include="FlotationForceGenerator.cpp">
      <Filter>ForSys</Filter>
    </ClCompile>
    <ClCompile Include="RigidBodyScene.cpp">
      <Filter>Scenes</Filter>
    </ClCompile>
    <ClCompile Include="BaseObject.cpp">
      <Filter>Base</Filter>
    </ClCompile>
    <ClCompile Include="BaseRigidBody.cpp">
      <Filter>RigidBodies</Filter>
    </ClCompile>
    <ClCompile Include="DinamicRigidBody.cpp">
      <Filter>RigidBodies</Filter>
    </ClCompile>
    <ClCompile Include="StaticRigidBody.cpp">
      <Filter>RigidBodies</Filter>
    </ClCompile>
    <ClCompile Include="InitScene.cpp">
      <Filter>ProyectoFinal\Scenes</Filter>
    </ClCompile>
    <ClCompile Include="Canon.cpp">
      <Filter>ProyectoFinal</Filter>
    </ClCompile>
    <ClCompile Include="BaseLevelScene.cpp">
      <Filter>ProyectoFinal</Filter>
    </ClCompile>
  </ItemGroup>
  <ItemGroup>
    <ClInclude Include="Render\Camera.h">
      <Filter>Render</Filter>
    </ClInclude>
    <ClInclude Include="Render\Render.h">
      <Filter>Render</Filter>
    </ClInclude>
    <ClInclude Include="Scene.h">
      <Filter>Scenes</Filter>
    </ClInclude>
    <ClInclude Include="FireworkGenerator.h">
      <Filter>ParSys</Filter>
    </ClInclude>
    <ClInclude Include="FountainGenerator.h">
      <Filter>ParSys</Filter>
    </ClInclude>
    <ClInclude Include="ParticleGenerator.h">
      <Filter>ParSys</Filter>
    </ClInclude>
    <ClInclude Include="ParticleSystem.h">
      <Filter>ParSys</Filter>
    </ClInclude>
    <ClInclude Include="Particle.h">
      <Filter>Base</Filter>
    </ClInclude>
    <ClInclude Include="SmokeGenerator.h">
      <Filter>ParSys</Filter>
    </ClInclude>
    <ClInclude Include="ForceSystem.h">
      <Filter>ForSys</Filter>
    </ClInclude>
    <ClInclude Include="callbacks.hpp">
      <Filter>Otros</Filter>
    </ClInclude>
    <ClInclude Include="core.hpp">
      <Filter>Otros</Filter>
    </ClInclude>
    <ClInclude Include="RenderUtils.hpp">
      <Filter>Otros</Filter>
    </ClInclude>
    <ClInclude Include="Vector3D.h">
      <Filter>Base</Filter>
    </ClInclude>
    <ClInclude Include="SceneManager.h">
      <Filter>Scenes</Filter>
    </ClInclude>
    <ClInclude Include="ForceGenerator.h">
      <Filter>ForSys</Filter>
    </ClInclude>
    <ClInclude Include="WindForceGenerator.h">
      <Filter>ForSys</Filter>
    </ClInclude>
    <ClInclude Include="TornadoForceGenerator.h">
      <Filter>ForSys</Filter>
    </ClInclude>
    <ClInclude Include="RandomGenerator.h">
      <Filter>ParSys</Filter>
    </ClInclude>
    <ClInclude Include="ExplosionForceGenerator.h">
      <Filter>ForSys</Filter>
    </ClInclude>
    <ClInclude Include="WindScene.h">
      <Filter>Scenes</Filter>
    </ClInclude>
    <ClInclude Include="TornadoScene.h">
      <Filter>Scenes</Filter>
    </ClInclude>
    <ClInclude Include="ExplosionScene.h">
      <Filter>Scenes</Filter>
    </ClInclude>
    <ClInclude Include="ParSysScene.h">
      <Filter>Scenes</Filter>
    </ClInclude>
    <ClInclude Include="DosckScene.h">
      <Filter>Scenes</Filter>
    </ClInclude>
    <ClInclude Include="SpringForceGenerator.h">
      <Filter>ForSys</Filter>
    </ClInclude>
    <ClInclude Include="AnchorForceGenerator.h">
      <Filter>ForSys</Filter>
    </ClInclude>
    <ClInclude Include="FlotationForceGenerator.h">
      <Filter>ForSys</Filter>
    </ClInclude>
    <ClInclude Include="BandForceGenerator.h">
      <Filter>ForSys</Filter>
    </ClInclude>
    <ClInclude Include="RigidBodyScene.h">
      <Filter>Scenes</Filter>
    </ClInclude>
    <ClInclude Include="BaseObject.h">
      <Filter>Base</Filter>
    </ClInclude>
    <ClInclude Include="BaseRigidBody.h">
      <Filter>RigidBodies</Filter>
    </ClInclude>
    <ClInclude Include="DinamicRigidBody.h">
      <Filter>RigidBodies</Filter>
    </ClInclude>
    <ClInclude Include="StaticRigidBody.h">
      <Filter>RigidBodies</Filter>
    </ClInclude>
    <ClInclude Include="InitScene.h">
      <Filter>ProyectoFinal\Scenes</Filter>
    </ClInclude>
    <ClInclude Include="Canon.h">
      <Filter>ProyectoFinal</Filter>
    </ClInclude>
    <ClInclude Include="BaseLevelScene.h">
      <Filter>ProyectoFinal</Filter>
    </ClInclude>
  </ItemGroup>
  <ItemGroup>
    <Filter Include="Render">
      <UniqueIdentifier>{d04b4f9f-5a69-465e-8070-25c6d0bcd3c2}</UniqueIdentifier>
    </Filter>
    <Filter Include="Scenes">
      <UniqueIdentifier>{39e93b68-d389-4fd5-8a92-f93af73adc48}</UniqueIdentifier>
    </Filter>
    <Filter Include="ParSys">
      <UniqueIdentifier>{7b1d94c3-c88a-4c55-b090-a161d786b273}</UniqueIdentifier>
    </Filter>
    <Filter Include="ForSys">
      <UniqueIdentifier>{969f208a-84b6-47fa-8524-8950ee87e71c}</UniqueIdentifier>
    </Filter>
    <Filter Include="Otros">
      <UniqueIdentifier>{a6a09638-79ea-4a63-813c-58465d84b170}</UniqueIdentifier>
    </Filter>
    <Filter Include="Base">
      <UniqueIdentifier>{7f447262-d8dd-40f2-bd29-5bc858b91836}</UniqueIdentifier>
    </Filter>
    <Filter Include="RigidBodies">
      <UniqueIdentifier>{2218104c-cb15-4695-9af9-16777bcfb319}</UniqueIdentifier>
    </Filter>
    <Filter Include="ProyectoFinal">
      <UniqueIdentifier>{5be2f396-a8f0-48c9-a5cb-82e10d3b1ebf}</UniqueIdentifier>
    </Filter>
    <Filter Include="ProyectoFinal\Scenes">
      <UniqueIdentifier>{91de2d53-9cd3-4589-aaa9-87b07d92ff7d}</UniqueIdentifier>
    </Filter>
  </ItemGroup>
</Project>